# This file is autogenerated, do not edit; changes may be undone by the next 'dep ensure'.


[[projects]]
  name = "github.com/favclip/golidator"
  packages = ["."]
  revision = "f8a22a68c32005c88762ff41a4139950b49263a9"
  version = "v2.0.1"

[[projects]]
  name = "github.com/favclip/ucon"
  packages = [
    ".",
    "swagger"
  ]
  revision = "07a780f052a31ca8180b9bce3d46424fa9bcc0cd"
  version = "v2.1.0"

[[projects]]
  name = "github.com/golang/protobuf"
  packages = ["proto"]
  revision = "925541529c1fa6821df4e44ce2723319eb2be768"
  version = "v1.0.0"

[[projects]]
  name = "go.mercari.io/datastore"
  packages = [
    ".",
    "aedatastore",
    "internal",
    "internal/c/atomiccache",
    "internal/c/fields",
    "internal/shared"
  ]
  revision = "79c0bc34fd44be3c42dfa820d0a7ec3af382a580"
  version = "v0.17.0"

[[projects]]
  branch = "master"
  name = "golang.org/x/net"
  packages = [
    "context",
    "context/ctxhttp"
  ]
  revision = "61147c48b25b599e5b561d2e9c4f3e1ef489ca41"

[[projects]]
  branch = "master"
  name = "golang.org/x/oauth2"
  packages = [
    ".",
    "internal"
  ]
  revision = "921ae394b9430ed4fb549668d7b087601bd60a81"

[[projects]]
  branch = "master"
  name = "google.golang.org/api"
  packages = ["iterator"]
  revision = "d4bfb8783945fe985beea2cb0fedffc2d020979c"

[[projects]]
  branch = "master"
  name = "google.golang.org/appengine"
  packages = [
    ".",
    "datastore",
    "internal",
    "internal/app_identity",
    "internal/base",
    "internal/datastore",
    "internal/log",
    "internal/modules",
    "internal/remote_api",
    "internal/urlfetch",
    "internal/user",
    "log",
    "urlfetch",
    "user"
  ]
  revision = "0a24098c0ec68416ec050f567f75df563d6b231e"

[solve-meta]
  analyzer-name = "dep"
  analyzer-version = 1
  inputs-digest = "b2404304182defda40dc7b5b76851dbe0af825d5d3b09455835bdc0530b14cd6"
  solver-name = "gps-cdcl"
  solver-version = 1
